
Microsoft Visual Studio Solution File, Format Version 12.00
# Visual Studio Version 16
VisualStudioVersion = 16.0.29306.81
MinimumVisualStudioVersion = 10.0.40219.1
Project("{FAE04EC0-301F-11D3-BF4B-00C04F79EFBC}") = "InventarizatorLI", "InventarizatorLI\InventarizatorLI.csproj", "{F83BA03B-E53F-4E75-BB46-8067CA2457D3}"
EndProject
Project("{FAE04EC0-301F-11D3-BF4B-00C04F79EFBC}") = "InventarizatorUI", "InventarizatorUI\InventarizatorUI.csproj", "{5D38B578-FF47-4B10-9207-756BB0B34ED3}"
EndProject
Project("{54435603-DBB4-11D2-8724-00A0C9A8B90C}") = "Setup1", "Setup1\Setup1.vdproj", "{46F70B5C-BEB1-4C82-8626-065AA5A9CC5B}"
EndProject
Global
	GlobalSection(SolutionConfigurationPlatforms) = preSolution
		Debug|Any CPU = Debug|Any CPU
		Release|Any CPU = Release|Any CPU
	EndGlobalSection
	GlobalSection(ProjectConfigurationPlatforms) = postSolution
		{F83BA03B-E53F-4E75-BB46-8067CA2457D3}.Debug|Any CPU.ActiveCfg = Debug|Any CPU
		{F83BA03B-E53F-4E75-BB46-8067CA2457D3}.Debug|Any CPU.Build.0 = Debug|Any CPU
		{F83BA03B-E53F-4E75-BB46-8067CA2457D3}.Release|Any CPU.ActiveCfg = Release|Any CPU
		{F83BA03B-E53F-4E75-BB46-8067CA2457D3}.Release|Any CPU.Build.0 = Release|Any CPU
		{5D38B578-FF47-4B10-9207-756BB0B34ED3}.Debug|Any CPU.ActiveCfg = Debug|Any CPU
		{5D38B578-FF47-4B10-9207-756BB0B34ED3}.Debug|Any CPU.Build.0 = Debug|Any CPU
		{5D38B578-FF47-4B10-9207-756BB0B34ED3}.Release|Any CPU.ActiveCfg = Release|Any CPU
		{5D38B578-FF47-4B10-9207-756BB0B34ED3}.Release|Any CPU.Build.0 = Release|Any CPU
		{46F70B5C-BEB1-4C82-8626-065AA5A9CC5B}.Debug|Any CPU.ActiveCfg = Debug
		{46F70B5C-BEB1-4C82-8626-065AA5A9CC5B}.Release|Any CPU.ActiveCfg = Release
	EndGlobalSection
	GlobalSection(SolutionProperties) = preSolution
		HideSolutionNode = FALSE
	EndGlobalSection
	GlobalSection(ExtensibilityGlobals) = postSolution
		SolutionGuid = {4BAC73D0-87E8-4CF1-84C7-1963B1ECF695}
	EndGlobalSection
EndGlobal
