
Microsoft Visual Studio Solution File, Format Version 12.00
# Visual Studio Version 16
VisualStudioVersion = 16.0.29025.244
MinimumVisualStudioVersion = 10.0.40219.1
Project("{FAE04EC0-301F-11D3-BF4B-00C04F79EFBC}") = "InventarizatorBL", "InventarizatorBL\InventarizatorBL.csproj", "{3186420B-DA3E-403B-987B-D346320B48DD}"
EndProject
Project("{FAE04EC0-301F-11D3-BF4B-00C04F79EFBC}") = "InventarizatorUI", "InventarizatorUI\InventarizatorUI.csproj", "{C20666A6-FDFD-4E6F-A771-D12F371E4292}"
EndProject
Global
	GlobalSection(SolutionConfigurationPlatforms) = preSolution
		Debug|Any CPU = Debug|Any CPU
		Release|Any CPU = Release|Any CPU
	EndGlobalSection
	GlobalSection(ProjectConfigurationPlatforms) = postSolution
		{3186420B-DA3E-403B-987B-D346320B48DD}.Debug|Any CPU.ActiveCfg = Debug|Any CPU
		{3186420B-DA3E-403B-987B-D346320B48DD}.Debug|Any CPU.Build.0 = Debug|Any CPU
		{3186420B-DA3E-403B-987B-D346320B48DD}.Release|Any CPU.ActiveCfg = Release|Any CPU
		{3186420B-DA3E-403B-987B-D346320B48DD}.Release|Any CPU.Build.0 = Release|Any CPU
		{C20666A6-FDFD-4E6F-A771-D12F371E4292}.Debug|Any CPU.ActiveCfg = Debug|Any CPU
		{C20666A6-FDFD-4E6F-A771-D12F371E4292}.Debug|Any CPU.Build.0 = Debug|Any CPU
		{C20666A6-FDFD-4E6F-A771-D12F371E4292}.Release|Any CPU.ActiveCfg = Release|Any CPU
		{C20666A6-FDFD-4E6F-A771-D12F371E4292}.Release|Any CPU.Build.0 = Release|Any CPU
	EndGlobalSection
	GlobalSection(SolutionProperties) = preSolution
		HideSolutionNode = FALSE
	EndGlobalSection
	GlobalSection(ExtensibilityGlobals) = postSolution
		SolutionGuid = {4BAC73D0-87E8-4CF1-84C7-1963B1ECF695}
	EndGlobalSection
EndGlobal
